// !$*UTF8*$!
{
	archiveVersion = 1;
	classes = {
	};
	objectVersion = 50;
	objects = {

/* Begin PBXBuildFile section */
		D992E1FA215AA8CF003DE37E /* Localizable.strings in Resources */ = {isa = PBXBuildFile; fileRef = D992E1F8215AA8CE003DE37E /* Localizable.strings */; };
		D992E1FE215AAF68003DE37E /* InfoPlist.strings in Resources */ = {isa = PBXBuildFile; fileRef = D992E200215AAF68003DE37E /* InfoPlist.strings */; };
		D99D0963215EC100002EA202 /* MenuViewController.swift in Sources */ = {isa = PBXBuildFile; fileRef = D99D0962215EC100002EA202 /* MenuViewController.swift */; };
		D9C6B567215417EC0057A7D0 /* NothingFoundCell.xib in Resources */ = {isa = PBXBuildFile; fileRef = D9C6B569215417EC0057A7D0 /* NothingFoundCell.xib */; };
		D9C6B56B21541B3F0057A7D0 /* LoadingCell.xib in Resources */ = {isa = PBXBuildFile; fileRef = D9C6B56D21541B3F0057A7D0 /* LoadingCell.xib */; };
		D9C6B57221541E050057A7D0 /* SearchResultCell.xib in Resources */ = {isa = PBXBuildFile; fileRef = D9C6B57421541E050057A7D0 /* SearchResultCell.xib */; };
		D9CE27CF212B4666001D0DAC /* AppDelegate.swift in Sources */ = {isa = PBXBuildFile; fileRef = D9CE27CE212B4666001D0DAC /* AppDelegate.swift */; };
		D9CE27D1212B4666001D0DAC /* SearchViewController.swift in Sources */ = {isa = PBXBuildFile; fileRef = D9CE27D0212B4666001D0DAC /* SearchViewController.swift */; };
		D9CE27D4212B4666001D0DAC /* Main.storyboard in Resources */ = {isa = PBXBuildFile; fileRef = D9CE27D2212B4666001D0DAC /* Main.storyboard */; };
		D9CE27D6212B467C001D0DAC /* Assets.xcassets in Resources */ = {isa = PBXBuildFile; fileRef = D9CE27D5212B467C001D0DAC /* Assets.xcassets */; };
		D9CE27E1212C9B31001D0DAC /* SearchResult.swift in Sources */ = {isa = PBXBuildFile; fileRef = D9CE27E0212C9B31001D0DAC /* SearchResult.swift */; };
		D9CE27E5212CA3A0001D0DAC /* SearchResultCell.swift in Sources */ = {isa = PBXBuildFile; fileRef = D9CE27E4212CA3A0001D0DAC /* SearchResultCell.swift */; };
		D9E212DF2135C78400F99A81 /* UIImageView+DownloadImage.swift in Sources */ = {isa = PBXBuildFile; fileRef = D9E212DE2135C78400F99A81 /* UIImageView+DownloadImage.swift */; };
		D9E212E12136FE0500F99A81 /* DetailViewController.swift in Sources */ = {isa = PBXBuildFile; fileRef = D9E212E02136FE0500F99A81 /* DetailViewController.swift */; };
		D9E212E3213701E400F99A81 /* DimmingPresentationController.swift in Sources */ = {isa = PBXBuildFile; fileRef = D9E212E2213701E400F99A81 /* DimmingPresentationController.swift */; };
		D9E212E5214C504B00F99A81 /* GradientView.swift in Sources */ = {isa = PBXBuildFile; fileRef = D9E212E4214C504B00F99A81 /* GradientView.swift */; };
		D9E212E7214C518500F99A81 /* BounceAnimationController.swift in Sources */ = {isa = PBXBuildFile; fileRef = D9E212E6214C518500F99A81 /* BounceAnimationController.swift */; };
		D9E212E9214C52EF00F99A81 /* SlideOutAnimationController.swift in Sources */ = {isa = PBXBuildFile; fileRef = D9E212E8214C52EF00F99A81 /* SlideOutAnimationController.swift */; };
		D9E212EB21500E3E00F99A81 /* LandscapeViewController.swift in Sources */ = {isa = PBXBuildFile; fileRef = D9E212EA21500E3E00F99A81 /* LandscapeViewController.swift */; };
		D9E212ED215014C500F99A81 /* FadeOutAnimationController.swift in Sources */ = {isa = PBXBuildFile; fileRef = D9E212EC215014C500F99A81 /* FadeOutAnimationController.swift */; };
		D9E212EF2152BB5A00F99A81 /* Search.swift in Sources */ = {isa = PBXBuildFile; fileRef = D9E212EE2152BB5A00F99A81 /* Search.swift */; };
/* End PBXBuildFile section */

/* Begin PBXFileReference section */
		D992E1F9215AA8CE003DE37E /* en */ = {isa = PBXFileReference; lastKnownFileType = text.plist.strings; name = en; path = en.lproj/Localizable.strings; sourceTree = "<group>"; };
		D992E1FB215AA966003DE37E /* nl */ = {isa = PBXFileReference; lastKnownFileType = text.plist.strings; name = nl; path = nl.lproj/Localizable.strings; sourceTree = "<group>"; };
		D992E1FF215AAF68003DE37E /* en */ = {isa = PBXFileReference; lastKnownFileType = text.plist.strings; name = en; path = en.lproj/InfoPlist.strings; sourceTree = "<group>"; };
		D992E201215AAF69003DE37E /* nl */ = {isa = PBXFileReference; lastKnownFileType = text.plist.strings; name = nl; path = nl.lproj/InfoPlist.strings; sourceTree = "<group>"; };
		D99D0962215EC100002EA202 /* MenuViewController.swift */ = {isa = PBXFileReference; lastKnownFileType = sourcecode.swift; path = MenuViewController.swift; sourceTree = "<group>"; };
		D9C6B568215417EC0057A7D0 /* en */ = {isa = PBXFileReference; lastKnownFileType = file.xib; name = en; path = en.lproj/NothingFoundCell.xib; sourceTree = "<group>"; };
		D9C6B56A2154185D0057A7D0 /* nl */ = {isa = PBXFileReference; lastKnownFileType = file.xib; name = nl; path = nl.lproj/NothingFoundCell.xib; sourceTree = "<group>"; };
		D9C6B56C21541B3F0057A7D0 /* Base */ = {isa = PBXFileReference; lastKnownFileType = file.xib; name = Base; path = Base.lproj/LoadingCell.xib; sourceTree = "<group>"; };
		D9C6B56F21541B680057A7D0 /* nl */ = {isa = PBXFileReference; lastKnownFileType = text.plist.strings; name = nl; path = nl.lproj/LoadingCell.strings; sourceTree = "<group>"; };
		D9C6B57121541D530057A7D0 /* nl */ = {isa = PBXFileReference; lastKnownFileType = text.plist.strings; name = nl; path = nl.lproj/Main.strings; sourceTree = "<group>"; };
		D9C6B57321541E050057A7D0 /* Base */ = {isa = PBXFileReference; lastKnownFileType = file.xib; name = Base; path = Base.lproj/SearchResultCell.xib; sourceTree = "<group>"; };
		D9CE27CB212B4666001D0DAC /* StoreSearch.app */ = {isa = PBXFileReference; explicitFileType = wrapper.application; includeInIndex = 0; path = StoreSearch.app; sourceTree = BUILT_PRODUCTS_DIR; };
		D9CE27CE212B4666001D0DAC /* AppDelegate.swift */ = {isa = PBXFileReference; lastKnownFileType = sourcecode.swift; path = AppDelegate.swift; sourceTree = "<group>"; };
		D9CE27D0212B4666001D0DAC /* SearchViewController.swift */ = {isa = PBXFileReference; lastKnownFileType = sourcecode.swift; path = SearchViewController.swift; sourceTree = "<group>"; };
		D9CE27D3212B4666001D0DAC /* Base */ = {isa = PBXFileReference; lastKnownFileType = file.storyboard; name = Base; path = Base.lproj/Main.storyboard; sourceTree = "<group>"; };
		D9CE27D5212B467C001D0DAC /* Assets.xcassets */ = {isa = PBXFileReference; lastKnownFileType = folder.assetcatalog; path = Assets.xcassets; sourceTree = "<group>"; };
		D9CE27DA212B467C001D0DAC /* Info.plist */ = {isa = PBXFileReference; lastKnownFileType = text.plist.xml; path = Info.plist; sourceTree = "<group>"; };
		D9CE27E0212C9B31001D0DAC /* SearchResult.swift */ = {isa = PBXFileReference; lastKnownFileType = sourcecode.swift; path = SearchResult.swift; sourceTree = "<group>"; };
		D9CE27E4212CA3A0001D0DAC /* SearchResultCell.swift */ = {isa = PBXFileReference; lastKnownFileType = sourcecode.swift; path = SearchResultCell.swift; sourceTree = "<group>"; };
		D9E212DE2135C78400F99A81 /* UIImageView+DownloadImage.swift */ = {isa = PBXFileReference; lastKnownFileType = sourcecode.swift; path = "UIImageView+DownloadImage.swift"; sourceTree = "<group>"; };
		D9E212E02136FE0500F99A81 /* DetailViewController.swift */ = {isa = PBXFileReference; lastKnownFileType = sourcecode.swift; path = DetailViewController.swift; sourceTree = "<group>"; };
		D9E212E2213701E400F99A81 /* DimmingPresentationController.swift */ = {isa = PBXFileReference; lastKnownFileType = sourcecode.swift; path = DimmingPresentationController.swift; sourceTree = "<group>"; };
		D9E212E4214C504B00F99A81 /* GradientView.swift */ = {isa = PBXFileReference; lastKnownFileType = sourcecode.swift; path = GradientView.swift; sourceTree = "<group>"; };
		D9E212E6214C518500F99A81 /* BounceAnimationController.swift */ = {isa = PBXFileReference; lastKnownFileType = sourcecode.swift; path = BounceAnimationController.swift; sourceTree = "<group>"; };
		D9E212E8214C52EF00F99A81 /* SlideOutAnimationController.swift */ = {isa = PBXFileReference; lastKnownFileType = sourcecode.swift; path = SlideOutAnimationController.swift; sourceTree = "<group>"; };
		D9E212EA21500E3E00F99A81 /* LandscapeViewController.swift */ = {isa = PBXFileReference; lastKnownFileType = sourcecode.swift; path = LandscapeViewController.swift; sourceTree = "<group>"; };
		D9E212EC215014C500F99A81 /* FadeOutAnimationController.swift */ = {isa = PBXFileReference; lastKnownFileType = sourcecode.swift; path = FadeOutAnimationController.swift; sourceTree = "<group>"; };
		D9E212EE2152BB5A00F99A81 /* Search.swift */ = {isa = PBXFileReference; lastKnownFileType = sourcecode.swift; path = Search.swift; sourceTree = "<group>"; };
/* End PBXFileReference section */

/* Begin PBXFrameworksBuildPhase section */
		D9CE27C8212B4666001D0DAC /* Frameworks */ = {
			isa = PBXFrameworksBuildPhase;
			buildActionMask = 2147483647;
			files = (
			);
			runOnlyForDeploymentPostprocessing = 0;
		};
/* End PBXFrameworksBuildPhase section */

/* Begin PBXGroup section */
		D9CE27C2212B4666001D0DAC = {
			isa = PBXGroup;
			children = (
				D9CE27CD212B4666001D0DAC /* StoreSearch */,
				D9CE27CC212B4666001D0DAC /* Products */,
			);
			sourceTree = "<group>";
		};
		D9CE27CC212B4666001D0DAC /* Products */ = {
			isa = PBXGroup;
			children = (
				D9CE27CB212B4666001D0DAC /* StoreSearch.app */,
			);
			name = Products;
			sourceTree = "<group>";
		};
		D9CE27CD212B4666001D0DAC /* StoreSearch */ = {
			isa = PBXGroup;
			children = (
				D992E1F8215AA8CE003DE37E /* Localizable.strings */,
				D9CE27CE212B4666001D0DAC /* AppDelegate.swift */,
				D9CE27D0212B4666001D0DAC /* SearchViewController.swift */,
				D9CE27D2212B4666001D0DAC /* Main.storyboard */,
				D9CE27D5212B467C001D0DAC /* Assets.xcassets */,
				D9CE27DA212B467C001D0DAC /* Info.plist */,
				D9CE27E0212C9B31001D0DAC /* SearchResult.swift */,
				D9C6B57421541E050057A7D0 /* SearchResultCell.xib */,
				D9CE27E4212CA3A0001D0DAC /* SearchResultCell.swift */,
				D9C6B569215417EC0057A7D0 /* NothingFoundCell.xib */,
				D9C6B56D21541B3F0057A7D0 /* LoadingCell.xib */,
				D9E212DE2135C78400F99A81 /* UIImageView+DownloadImage.swift */,
				D9E212E02136FE0500F99A81 /* DetailViewController.swift */,
				D9E212E2213701E400F99A81 /* DimmingPresentationController.swift */,
				D9E212E4214C504B00F99A81 /* GradientView.swift */,
				D9E212E6214C518500F99A81 /* BounceAnimationController.swift */,
				D9E212E8214C52EF00F99A81 /* SlideOutAnimationController.swift */,
				D9E212EA21500E3E00F99A81 /* LandscapeViewController.swift */,
				D9E212EC215014C500F99A81 /* FadeOutAnimationController.swift */,
				D9E212EE2152BB5A00F99A81 /* Search.swift */,
				D992E200215AAF68003DE37E /* InfoPlist.strings */,
				D99D0962215EC100002EA202 /* MenuViewController.swift */,
			);
			path = StoreSearch;
			sourceTree = "<group>";
		};
/* End PBXGroup section */

/* Begin PBXNativeTarget section */
		D9CE27CA212B4666001D0DAC /* StoreSearch */ = {
			isa = PBXNativeTarget;
			buildConfigurationList = D9CE27DD212B467C001D0DAC /* Build configuration list for PBXNativeTarget "StoreSearch" */;
			buildPhases = (
				D9CE27C7212B4666001D0DAC /* Sources */,
				D9CE27C8212B4666001D0DAC /* Frameworks */,
				D9CE27C9212B4666001D0DAC /* Resources */,
			);
			buildRules = (
			);
			dependencies = (
			);
			name = StoreSearch;
			productName = StoreSearch;
			productReference = D9CE27CB212B4666001D0DAC /* StoreSearch.app */;
			productType = "com.apple.product-type.application";
		};
/* End PBXNativeTarget section */

/* Begin PBXProject section */
		D9CE27C3212B4666001D0DAC /* Project object */ = {
			isa = PBXProject;
			attributes = {
				LastSwiftUpdateCheck = 0940;
				LastUpgradeCheck = 0940;
				ORGANIZATIONNAME = "Alex Fedoseev";
				TargetAttributes = {
					D9CE27CA212B4666001D0DAC = {
						CreatedOnToolsVersion = 9.4.1;
					};
				};
			};
			buildConfigurationList = D9CE27C6212B4666001D0DAC /* Build configuration list for PBXProject "StoreSearch" */;
			compatibilityVersion = "Xcode 9.3";
			developmentRegion = en;
			hasScannedForEncodings = 0;
			knownRegions = (
				en,
				Base,
				nl,
			);
			mainGroup = D9CE27C2212B4666001D0DAC;
			productRefGroup = D9CE27CC212B4666001D0DAC /* Products */;
			projectDirPath = "";
			projectRoot = "";
			targets = (
				D9CE27CA212B4666001D0DAC /* StoreSearch */,
			);
		};
/* End PBXProject section */

/* Begin PBXResourcesBuildPhase section */
		D9CE27C9212B4666001D0DAC /* Resources */ = {
			isa = PBXResourcesBuildPhase;
			buildActionMask = 2147483647;
			files = (
				D9CE27D6212B467C001D0DAC /* Assets.xcassets in Resources */,
				D992E1FE215AAF68003DE37E /* InfoPlist.strings in Resources */,
				D992E1FA215AA8CF003DE37E /* Localizable.strings in Resources */,
				D9C6B56B21541B3F0057A7D0 /* LoadingCell.xib in Resources */,
				D9C6B57221541E050057A7D0 /* SearchResultCell.xib in Resources */,
				D9C6B567215417EC0057A7D0 /* NothingFoundCell.xib in Resources */,
				D9CE27D4212B4666001D0DAC /* Main.storyboard in Resources */,
			);
			runOnlyForDeploymentPostprocessing = 0;
		};
/* End PBXResourcesBuildPhase section */

/* Begin PBXSourcesBuildPhase section */
		D9CE27C7212B4666001D0DAC /* Sources */ = {
			isa = PBXSourcesBuildPhase;
			buildActionMask = 2147483647;
			files = (
				D9E212EF2152BB5A00F99A81 /* Search.swift in Sources */,
				D9CE27D1212B4666001D0DAC /* SearchViewController.swift in Sources */,
				D9E212E3213701E400F99A81 /* DimmingPresentationController.swift in Sources */,
				D99D0963215EC100002EA202 /* MenuViewController.swift in Sources */,
				D9E212ED215014C500F99A81 /* FadeOutAnimationController.swift in Sources */,
				D9CE27E1212C9B31001D0DAC /* SearchResult.swift in Sources */,
				D9CE27E5212CA3A0001D0DAC /* SearchResultCell.swift in Sources */,
				D9E212E7214C518500F99A81 /* BounceAnimationController.swift in Sources */,
				D9E212EB21500E3E00F99A81 /* LandscapeViewController.swift in Sources */,
				D9E212E12136FE0500F99A81 /* DetailViewController.swift in Sources */,
				D9CE27CF212B4666001D0DAC /* AppDelegate.swift in Sources */,
				D9E212E5214C504B00F99A81 /* GradientView.swift in Sources */,
				D9E212DF2135C78400F99A81 /* UIImageView+DownloadImage.swift in Sources */,
				D9E212E9214C52EF00F99A81 /* SlideOutAnimationController.swift in Sources */,
			);
			runOnlyForDeploymentPostprocessing = 0;
		};
/* End PBXSourcesBuildPhase section */

/* Begin PBXVariantGroup section */
		D992E1F8215AA8CE003DE37E /* Localizable.strings */ = {
			isa = PBXVariantGroup;
			children = (
				D992E1F9215AA8CE003DE37E /* en */,
				D992E1FB215AA966003DE37E /* nl */,
			);
			name = Localizable.strings;
			sourceTree = "<group>";
		};
		D992E200215AAF68003DE37E /* InfoPlist.strings */ = {
			isa = PBXVariantGroup;
			children = (
				D992E1FF215AAF68003DE37E /* en */,
				D992E201215AAF69003DE37E /* nl */,
			);
			name = InfoPlist.strings;
			sourceTree = "<group>";
		};
		D9C6B569215417EC0057A7D0 /* NothingFoundCell.xib */ = {
			isa = PBXVariantGroup;
			children = (
				D9C6B568215417EC0057A7D0 /* en */,
				D9C6B56A2154185D0057A7D0 /* nl */,
			);
			name = NothingFoundCell.xib;
			sourceTree = "<group>";
		};
		D9C6B56D21541B3F0057A7D0 /* LoadingCell.xib */ = {
			isa = PBXVariantGroup;
			children = (
				D9C6B56C21541B3F0057A7D0 /* Base */,
				D9C6B56F21541B680057A7D0 /* nl */,
			);
			name = LoadingCell.xib;
			sourceTree = "<group>";
		};
		D9C6B57421541E050057A7D0 /* SearchResultCell.xib */ = {
			isa = PBXVariantGroup;
			children = (
				D9C6B57321541E050057A7D0 /* Base */,
			);
			name = SearchResultCell.xib;
			sourceTree = "<group>";
		};
		D9CE27D2212B4666001D0DAC /* Main.storyboard */ = {
			isa = PBXVariantGroup;
			children = (
				D9CE27D3212B4666001D0DAC /* Base */,
				D9C6B57121541D530057A7D0 /* nl */,
			);
			name = Main.storyboard;
			sourceTree = "<group>";
		};
/* End PBXVariantGroup section */

/* Begin XCBuildConfiguration section */
		D9CE27DB212B467C001D0DAC /* Debug */ = {
			isa = XCBuildConfiguration;
			buildSettings = {
				ALWAYS_SEARCH_USER_PATHS = NO;
				CLANG_ANALYZER_LOCALIZABILITY_NONLOCALIZED = YES;
				CLANG_ANALYZER_NONNULL = YES;
				CLANG_ANALYZER_NUMBER_OBJECT_CONVERSION = YES_AGGRESSIVE;
				CLANG_CXX_LANGUAGE_STANDARD = "gnu++14";
				CLANG_CXX_LIBRARY = "libc++";
				CLANG_ENABLE_MODULES = YES;
				CLANG_ENABLE_OBJC_ARC = YES;
				CLANG_ENABLE_OBJC_WEAK = YES;
				CLANG_WARN_BLOCK_CAPTURE_AUTORELEASING = YES;
				CLANG_WARN_BOOL_CONVERSION = YES;
				CLANG_WARN_COMMA = YES;
				CLANG_WARN_CONSTANT_CONVERSION = YES;
				CLANG_WARN_DEPRECATED_OBJC_IMPLEMENTATIONS = YES;
				CLANG_WARN_DIRECT_OBJC_ISA_USAGE = YES_ERROR;
				CLANG_WARN_DOCUMENTATION_COMMENTS = YES;
				CLANG_WARN_EMPTY_BODY = YES;
				CLANG_WARN_ENUM_CONVERSION = YES;
				CLANG_WARN_INFINITE_RECURSION = YES;
				CLANG_WARN_INT_CONVERSION = YES;
				CLANG_WARN_NON_LITERAL_NULL_CONVERSION = YES;
				CLANG_WARN_OBJC_IMPLICIT_RETAIN_SELF = YES;
				CLANG_WARN_OBJC_LITERAL_CONVERSION = YES;
				CLANG_WARN_OBJC_ROOT_CLASS = YES_ERROR;
				CLANG_WARN_RANGE_LOOP_ANALYSIS = YES;
				CLANG_WARN_STRICT_PROTOTYPES = YES;
				CLANG_WARN_SUSPICIOUS_MOVE = YES;
				CLANG_WARN_UNGUARDED_AVAILABILITY = YES_AGGRESSIVE;
				CLANG_WARN_UNREACHABLE_CODE = YES;
				CLANG_WARN__DUPLICATE_METHOD_MATCH = YES;
				CODE_SIGN_IDENTITY = "iPhone Developer";
				COPY_PHASE_STRIP = NO;
				DEBUG_INFORMATION_FORMAT = dwarf;
				ENABLE_STRICT_OBJC_MSGSEND = YES;
				ENABLE_TESTABILITY = YES;
				GCC_C_LANGUAGE_STANDARD = gnu11;
				GCC_DYNAMIC_NO_PIC = NO;
				GCC_NO_COMMON_BLOCKS = YES;
				GCC_OPTIMIZATION_LEVEL = 0;
				GCC_PREPROCESSOR_DEFINITIONS = (
					"DEBUG=1",
					"$(inherited)",
				);
				GCC_WARN_64_TO_32_BIT_CONVERSION = YES;
				GCC_WARN_ABOUT_RETURN_TYPE = YES_ERROR;
				GCC_WARN_UNDECLARED_SELECTOR = YES;
				GCC_WARN_UNINITIALIZED_AUTOS = YES_AGGRESSIVE;
				GCC_WARN_UNUSED_FUNCTION = YES;
				GCC_WARN_UNUSED_VARIABLE = YES;
				IPHONEOS_DEPLOYMENT_TARGET = 11.4;
				MTL_ENABLE_DEBUG_INFO = YES;
				ONLY_ACTIVE_ARCH = YES;
				SDKROOT = iphoneos;
				SWIFT_ACTIVE_COMPILATION_CONDITIONS = DEBUG;
				SWIFT_OPTIMIZATION_LEVEL = "-Onone";
			};
			name = Debug;
		};
		D9CE27DC212B467C001D0DAC /* Release */ = {
			isa = XCBuildConfiguration;
			buildSettings = {
				ALWAYS_SEARCH_USER_PATHS = NO;
				CLANG_ANALYZER_LOCALIZABILITY_NONLOCALIZED = YES;
				CLANG_ANALYZER_NONNULL = YES;
				CLANG_ANALYZER_NUMBER_OBJECT_CONVERSION = YES_AGGRESSIVE;
				CLANG_CXX_LANGUAGE_STANDARD = "gnu++14";
				CLANG_CXX_LIBRARY = "libc++";
				CLANG_ENABLE_MODULES = YES;
				CLANG_ENABLE_OBJC_ARC = YES;
				CLANG_ENABLE_OBJC_WEAK = YES;
				CLANG_WARN_BLOCK_CAPTURE_AUTORELEASING = YES;
				CLANG_WARN_BOOL_CONVERSION = YES;
				CLANG_WARN_COMMA = YES;
				CLANG_WARN_CONSTANT_CONVERSION = YES;
				CLANG_WARN_DEPRECATED_OBJC_IMPLEMENTATIONS = YES;
				CLANG_WARN_DIRECT_OBJC_ISA_USAGE = YES_ERROR;
				CLANG_WARN_DOCUMENTATION_COMMENTS = YES;
				CLANG_WARN_EMPTY_BODY = YES;
				CLANG_WARN_ENUM_CONVERSION = YES;
				CLANG_WARN_INFINITE_RECURSION = YES;
				CLANG_WARN_INT_CONVERSION = YES;
				CLANG_WARN_NON_LITERAL_NULL_CONVERSION = YES;
				CLANG_WARN_OBJC_IMPLICIT_RETAIN_SELF = YES;
				CLANG_WARN_OBJC_LITERAL_CONVERSION = YES;
				CLANG_WARN_OBJC_ROOT_CLASS = YES_ERROR;
				CLANG_WARN_RANGE_LOOP_ANALYSIS = YES;
				CLANG_WARN_STRICT_PROTOTYPES = YES;
				CLANG_WARN_SUSPICIOUS_MOVE = YES;
				CLANG_WARN_UNGUARDED_AVAILABILITY = YES_AGGRESSIVE;
				CLANG_WARN_UNREACHABLE_CODE = YES;
				CLANG_WARN__DUPLICATE_METHOD_MATCH = YES;
				CODE_SIGN_IDENTITY = "iPhone Developer";
				COPY_PHASE_STRIP = NO;
				DEBUG_INFORMATION_FORMAT = "dwarf-with-dsym";
				ENABLE_NS_ASSERTIONS = NO;
				ENABLE_STRICT_OBJC_MSGSEND = YES;
				GCC_C_LANGUAGE_STANDARD = gnu11;
				GCC_NO_COMMON_BLOCKS = YES;
				GCC_WARN_64_TO_32_BIT_CONVERSION = YES;
				GCC_WARN_ABOUT_RETURN_TYPE = YES_ERROR;
				GCC_WARN_UNDECLARED_SELECTOR = YES;
				GCC_WARN_UNINITIALIZED_AUTOS = YES_AGGRESSIVE;
				GCC_WARN_UNUSED_FUNCTION = YES;
				GCC_WARN_UNUSED_VARIABLE = YES;
				IPHONEOS_DEPLOYMENT_TARGET = 11.4;
				MTL_ENABLE_DEBUG_INFO = NO;
				SDKROOT = iphoneos;
				SWIFT_COMPILATION_MODE = wholemodule;
				SWIFT_OPTIMIZATION_LEVEL = "-O";
				VALIDATE_PRODUCT = YES;
			};
			name = Release;
		};
		D9CE27DE212B467C001D0DAC /* Debug */ = {
			isa = XCBuildConfiguration;
			buildSettings = {
				ASSETCATALOG_COMPILER_APPICON_NAME = AppIcon;
				CODE_SIGN_STYLE = Automatic;
				DEVELOPMENT_TEAM = 9D23U6XAWC;
				INFOPLIST_FILE = StoreSearch/Info.plist;
				LD_RUNPATH_SEARCH_PATHS = (
					"$(inherited)",
					"@executable_path/Frameworks",
				);
				PRODUCT_BUNDLE_IDENTIFIER = com.almaunion.StoreSearch;
				PRODUCT_NAME = "$(TARGET_NAME)";
				SWIFT_VERSION = 4.0;
				TARGETED_DEVICE_FAMILY = "1,2";
			};
			name = Debug;
		};
		D9CE27DF212B467C001D0DAC /* Release */ = {
			isa = XCBuildConfiguration;
			buildSettings = {
				ASSETCATALOG_COMPILER_APPICON_NAME = AppIcon;
				CODE_SIGN_STYLE = Automatic;
				DEVELOPMENT_TEAM = 9D23U6XAWC;
				INFOPLIST_FILE = StoreSearch/Info.plist;
				LD_RUNPATH_SEARCH_PATHS = (
					"$(inherited)",
					"@executable_path/Frameworks",
				);
				PRODUCT_BUNDLE_IDENTIFIER = com.almaunion.StoreSearch;
				PRODUCT_NAME = "$(TARGET_NAME)";
				SWIFT_VERSION = 4.0;
				TARGETED_DEVICE_FAMILY = "1,2";
			};
			name = Release;
		};
/* End XCBuildConfiguration section */

/* Begin XCConfigurationList section */
		D9CE27C6212B4666001D0DAC /* Build configuration list for PBXProject "StoreSearch" */ = {
			isa = XCConfigurationList;
			buildConfigurations = (
				D9CE27DB212B467C001D0DAC /* Debug */,
				D9CE27DC212B467C001D0DAC /* Release */,
			);
			defaultConfigurationIsVisible = 0;
			defaultConfigurationName = Release;
		};
		D9CE27DD212B467C001D0DAC /* Build configuration list for PBXNativeTarget "StoreSearch" */ = {
			isa = XCConfigurationList;
			buildConfigurations = (
				D9CE27DE212B467C001D0DAC /* Debug */,
				D9CE27DF212B467C001D0DAC /* Release */,
			);
			defaultConfigurationIsVisible = 0;
			defaultConfigurationName = Release;
		};
/* End XCConfigurationList section */
	};
	rootObject = D9CE27C3212B4666001D0DAC /* Project object */;
}
